// !$*UTF8*$!
{
	archiveVersion = 1;
	classes = {
	};
	objectVersion = 46;
	objects = {

/* Begin PBXBuildFile section */
		5524F289174D755800E1AA11 /* MDatabase.m in Sources */ = {isa = PBXBuildFile; fileRef = 5524F288174D755800E1AA11 /* MDatabase.m */; };
		5524F28F174D83B300E1AA11 /* GenericTableViewController.m in Sources */ = {isa = PBXBuildFile; fileRef = 5524F28E174D83B300E1AA11 /* GenericTableViewController.m */; };
		5524F298174E863700E1AA11 /* MPlan.m in Sources */ = {isa = PBXBuildFile; fileRef = 5524F297174E863700E1AA11 /* MPlan.m */; };
		5524F29B174E884700E1AA11 /* PlansViewController.m in Sources */ = {isa = PBXBuildFile; fileRef = 5524F29A174E884700E1AA11 /* PlansViewController.m */; };
		5524F29E174E8B5E00E1AA11 /* MCollection.m in Sources */ = {isa = PBXBuildFile; fileRef = 5524F29D174E8B5E00E1AA11 /* MCollection.m */; };
		5524F2A1174E8BA200E1AA11 /* CollectionsViewController.m in Sources */ = {isa = PBXBuildFile; fileRef = 5524F2A0174E8BA200E1AA11 /* CollectionsViewController.m */; };
		55375758174BF7E2002791BE /* DetailStatusViewController.m in Sources */ = {isa = PBXBuildFile; fileRef = 55375757174BF7E2002791BE /* DetailStatusViewController.m */; };
		5539AE03174C122500184973 /* fixtures in Resources */ = {isa = PBXBuildFile; fileRef = 5539AE02174C122500184973 /* fixtures */; };
		557150991732A21B007A752B /* AppController.m in Sources */ = {isa = PBXBuildFile; fileRef = 557150981732A21B007A752B /* AppController.m */; };
		557A00BA17316827009460FA /* UIKit.framework in Frameworks */ = {isa = PBXBuildFile; fileRef = 557A00B917316827009460FA /* UIKit.framework */; };
		557A00BC17316827009460FA /* Foundation.framework in Frameworks */ = {isa = PBXBuildFile; fileRef = 557A00BB17316827009460FA /* Foundation.framework */; };
		557A00BE17316827009460FA /* CoreGraphics.framework in Frameworks */ = {isa = PBXBuildFile; fileRef = 557A00BD17316827009460FA /* CoreGraphics.framework */; };
		557A00C417316827009460FA /* InfoPlist.strings in Resources */ = {isa = PBXBuildFile; fileRef = 557A00C217316827009460FA /* InfoPlist.strings */; };
		557A00C617316827009460FA /* main.m in Sources */ = {isa = PBXBuildFile; fileRef = 557A00C517316827009460FA /* main.m */; };
		557A00CA17316827009460FA /* AppDelegate.m in Sources */ = {isa = PBXBuildFile; fileRef = 557A00C917316827009460FA /* AppDelegate.m */; };
		557A00CC17316827009460FA /* Default.png in Resources */ = {isa = PBXBuildFile; fileRef = 557A00CB17316827009460FA /* Default.png */; };
		557A00CE17316827009460FA /* Default@2x.png in Resources */ = {isa = PBXBuildFile; fileRef = 557A00CD17316827009460FA /* Default@2x.png */; };
		557A00D017316827009460FA /* Default-568h@2x.png in Resources */ = {isa = PBXBuildFile; fileRef = 557A00CF17316827009460FA /* Default-568h@2x.png */; };
		557A00D91731730E009460FA /* StatusViewController.m in Sources */ = {isa = PBXBuildFile; fileRef = 557A00D81731730E009460FA /* StatusViewController.m */; };
		557A00DD173174E5009460FA /* StatusItem.m in Sources */ = {isa = PBXBuildFile; fileRef = 557A00DC173174E5009460FA /* StatusItem.m */; };
		557A00E117318FD8009460FA /* UIImage+FontIcon.m in Sources */ = {isa = PBXBuildFile; fileRef = 557A00E017318FD8009460FA /* UIImage+FontIcon.m */; };
		559C5ACE174D64EA000ED2F2 /* MongoHqHTTPClient.m in Sources */ = {isa = PBXBuildFile; fileRef = 559C5ACD174D64EA000ED2F2 /* MongoHqHTTPClient.m */; };
		559C5AD1174D68BA000ED2F2 /* DatabasesViewController.m in Sources */ = {isa = PBXBuildFile; fileRef = 559C5AD0174D68BA000ED2F2 /* DatabasesViewController.m */; };
		D3DAFDC63DE84536BD339711 /* libPods.a in Frameworks */ = {isa = PBXBuildFile; fileRef = B620F6ABEDC24F6F8CB923A5 /* libPods.a */; };
/* End PBXBuildFile section */

/* Begin PBXFileReference section */
		5524F287174D755800E1AA11 /* MDatabase.h */ = {isa = PBXFileReference; fileEncoding = 4; lastKnownFileType = sourcecode.c.h; name = MDatabase.h; path = Models/MDatabase.h; sourceTree = "<group>"; };
		5524F288174D755800E1AA11 /* MDatabase.m */ = {isa = PBXFileReference; fileEncoding = 4; lastKnownFileType = sourcecode.c.objc; name = MDatabase.m; path = Models/MDatabase.m; sourceTree = "<group>"; };
		5524F28D174D83B300E1AA11 /* GenericTableViewController.h */ = {isa = PBXFileReference; fileEncoding = 4; lastKnownFileType = sourcecode.c.h; name = GenericTableViewController.h; path = MongoHq/GenericTableViewController.h; sourceTree = "<group>"; };
		5524F28E174D83B300E1AA11 /* GenericTableViewController.m */ = {isa = PBXFileReference; fileEncoding = 4; lastKnownFileType = sourcecode.c.objc; name = GenericTableViewController.m; path = MongoHq/GenericTableViewController.m; sourceTree = "<group>"; };
		5524F296174E863700E1AA11 /* MPlan.h */ = {isa = PBXFileReference; fileEncoding = 4; lastKnownFileType = sourcecode.c.h; name = MPlan.h; path = Models/MPlan.h; sourceTree = "<group>"; };
		5524F297174E863700E1AA11 /* MPlan.m */ = {isa = PBXFileReference; fileEncoding = 4; lastKnownFileType = sourcecode.c.objc; name = MPlan.m; path = Models/MPlan.m; sourceTree = "<group>"; };
		5524F299174E884700E1AA11 /* PlansViewController.h */ = {isa = PBXFileReference; fileEncoding = 4; lastKnownFileType = sourcecode.c.h; name = PlansViewController.h; path = ViewControllers/PlansViewController.h; sourceTree = "<group>"; };
		5524F29A174E884700E1AA11 /* PlansViewController.m */ = {isa = PBXFileReference; fileEncoding = 4; lastKnownFileType = sourcecode.c.objc; name = PlansViewController.m; path = ViewControllers/PlansViewController.m; sourceTree = "<group>"; };
		5524F29C174E8B5D00E1AA11 /* MCollection.h */ = {isa = PBXFileReference; fileEncoding = 4; lastKnownFileType = sourcecode.c.h; name = MCollection.h; path = Models/MCollection.h; sourceTree = "<group>"; };
		5524F29D174E8B5E00E1AA11 /* MCollection.m */ = {isa = PBXFileReference; fileEncoding = 4; lastKnownFileType = sourcecode.c.objc; name = MCollection.m; path = Models/MCollection.m; sourceTree = "<group>"; };
		5524F29F174E8BA200E1AA11 /* CollectionsViewController.h */ = {isa = PBXFileReference; fileEncoding = 4; lastKnownFileType = sourcecode.c.h; name = CollectionsViewController.h; path = ViewControllers/CollectionsViewController.h; sourceTree = "<group>"; };
		5524F2A0174E8BA200E1AA11 /* CollectionsViewController.m */ = {isa = PBXFileReference; fileEncoding = 4; lastKnownFileType = sourcecode.c.objc; name = CollectionsViewController.m; path = ViewControllers/CollectionsViewController.m; sourceTree = "<group>"; };
		55375756174BF7E2002791BE /* DetailStatusViewController.h */ = {isa = PBXFileReference; fileEncoding = 4; lastKnownFileType = sourcecode.c.h; name = DetailStatusViewController.h; path = ViewControllers/DetailStatusViewController.h; sourceTree = "<group>"; };
		55375757174BF7E2002791BE /* DetailStatusViewController.m */ = {isa = PBXFileReference; fileEncoding = 4; lastKnownFileType = sourcecode.c.objc; name = DetailStatusViewController.m; path = ViewControllers/DetailStatusViewController.m; sourceTree = "<group>"; };
		5539AE02174C122500184973 /* fixtures */ = {isa = PBXFileReference; lastKnownFileType = folder; path = fixtures; sourceTree = "<group>"; };
		557150971732A21B007A752B /* AppController.h */ = {isa = PBXFileReference; fileEncoding = 4; lastKnownFileType = sourcecode.c.h; path = AppController.h; sourceTree = "<group>"; };
		557150981732A21B007A752B /* AppController.m */ = {isa = PBXFileReference; fileEncoding = 4; lastKnownFileType = sourcecode.c.objc; path = AppController.m; sourceTree = "<group>"; };
		557A00B617316827009460FA /* MongoHq.app */ = {isa = PBXFileReference; explicitFileType = wrapper.application; includeInIndex = 0; path = MongoHq.app; sourceTree = BUILT_PRODUCTS_DIR; };
		557A00B917316827009460FA /* UIKit.framework */ = {isa = PBXFileReference; lastKnownFileType = wrapper.framework; name = UIKit.framework; path = System/Library/Frameworks/UIKit.framework; sourceTree = SDKROOT; };
		557A00BB17316827009460FA /* Foundation.framework */ = {isa = PBXFileReference; lastKnownFileType = wrapper.framework; name = Foundation.framework; path = System/Library/Frameworks/Foundation.framework; sourceTree = SDKROOT; };
		557A00BD17316827009460FA /* CoreGraphics.framework */ = {isa = PBXFileReference; lastKnownFileType = wrapper.framework; name = CoreGraphics.framework; path = System/Library/Frameworks/CoreGraphics.framework; sourceTree = SDKROOT; };
		557A00C117316827009460FA /* MongoHq-Info.plist */ = {isa = PBXFileReference; lastKnownFileType = text.plist.xml; path = "MongoHq-Info.plist"; sourceTree = "<group>"; };
		557A00C317316827009460FA /* en */ = {isa = PBXFileReference; lastKnownFileType = text.plist.strings; name = en; path = en.lproj/InfoPlist.strings; sourceTree = "<group>"; };
		557A00C517316827009460FA /* main.m */ = {isa = PBXFileReference; lastKnownFileType = sourcecode.c.objc; path = main.m; sourceTree = "<group>"; };
		557A00C717316827009460FA /* MongoHq-Prefix.pch */ = {isa = PBXFileReference; lastKnownFileType = sourcecode.c.h; path = "MongoHq-Prefix.pch"; sourceTree = "<group>"; };
		557A00C817316827009460FA /* AppDelegate.h */ = {isa = PBXFileReference; lastKnownFileType = sourcecode.c.h; path = AppDelegate.h; sourceTree = "<group>"; };
		557A00C917316827009460FA /* AppDelegate.m */ = {isa = PBXFileReference; lastKnownFileType = sourcecode.c.objc; path = AppDelegate.m; sourceTree = "<group>"; };
		557A00CB17316827009460FA /* Default.png */ = {isa = PBXFileReference; lastKnownFileType = image.png; path = Default.png; sourceTree = "<group>"; };
		557A00CD17316827009460FA /* Default@2x.png */ = {isa = PBXFileReference; lastKnownFileType = image.png; path = "Default@2x.png"; sourceTree = "<group>"; };
		557A00CF17316827009460FA /* Default-568h@2x.png */ = {isa = PBXFileReference; lastKnownFileType = image.png; path = "Default-568h@2x.png"; sourceTree = "<group>"; };
		557A00D71731730E009460FA /* StatusViewController.h */ = {isa = PBXFileReference; fileEncoding = 4; lastKnownFileType = sourcecode.c.h; name = StatusViewController.h; path = ViewControllers/StatusViewController.h; sourceTree = "<group>"; };
		557A00D81731730E009460FA /* StatusViewController.m */ = {isa = PBXFileReference; fileEncoding = 4; lastKnownFileType = sourcecode.c.objc; name = StatusViewController.m; path = ViewControllers/StatusViewController.m; sourceTree = "<group>"; };
		557A00DB173174E5009460FA /* StatusItem.h */ = {isa = PBXFileReference; fileEncoding = 4; lastKnownFileType = sourcecode.c.h; name = StatusItem.h; path = Models/StatusItem.h; sourceTree = "<group>"; };
		557A00DC173174E5009460FA /* StatusItem.m */ = {isa = PBXFileReference; fileEncoding = 4; lastKnownFileType = sourcecode.c.objc; name = StatusItem.m; path = Models/StatusItem.m; sourceTree = "<group>"; };
		557A00DF17318FD8009460FA /* UIImage+FontIcon.h */ = {isa = PBXFileReference; fileEncoding = 4; lastKnownFileType = sourcecode.c.h; path = "UIImage+FontIcon.h"; sourceTree = "<group>"; };
		557A00E017318FD8009460FA /* UIImage+FontIcon.m */ = {isa = PBXFileReference; fileEncoding = 4; lastKnownFileType = sourcecode.c.objc; path = "UIImage+FontIcon.m"; sourceTree = "<group>"; };
		559C5ACC174D64EA000ED2F2 /* MongoHqHTTPClient.h */ = {isa = PBXFileReference; fileEncoding = 4; lastKnownFileType = sourcecode.c.h; path = MongoHqHTTPClient.h; sourceTree = "<group>"; };
		559C5ACD174D64EA000ED2F2 /* MongoHqHTTPClient.m */ = {isa = PBXFileReference; fileEncoding = 4; lastKnownFileType = sourcecode.c.objc; path = MongoHqHTTPClient.m; sourceTree = "<group>"; };
		559C5ACF174D68BA000ED2F2 /* DatabasesViewController.h */ = {isa = PBXFileReference; fileEncoding = 4; lastKnownFileType = sourcecode.c.h; name = DatabasesViewController.h; path = ViewControllers/DatabasesViewController.h; sourceTree = "<group>"; };
		559C5AD0174D68BA000ED2F2 /* DatabasesViewController.m */ = {isa = PBXFileReference; fileEncoding = 4; lastKnownFileType = sourcecode.c.objc; name = DatabasesViewController.m; path = ViewControllers/DatabasesViewController.m; sourceTree = "<group>"; };
		B620F6ABEDC24F6F8CB923A5 /* libPods.a */ = {isa = PBXFileReference; explicitFileType = archive.ar; includeInIndex = 0; path = libPods.a; sourceTree = BUILT_PRODUCTS_DIR; };
		C20140148062447B90425F7C /* Pods.xcconfig */ = {isa = PBXFileReference; includeInIndex = 1; lastKnownFileType = text.xcconfig; name = Pods.xcconfig; path = Pods/Pods.xcconfig; sourceTree = SOURCE_ROOT; };
/* End PBXFileReference section */

/* Begin PBXFrameworksBuildPhase section */
		557A00B317316827009460FA /* Frameworks */ = {
			isa = PBXFrameworksBuildPhase;
			buildActionMask = 2147483647;
			files = (
				557A00BA17316827009460FA /* UIKit.framework in Frameworks */,
				557A00BC17316827009460FA /* Foundation.framework in Frameworks */,
				557A00BE17316827009460FA /* CoreGraphics.framework in Frameworks */,
				D3DAFDC63DE84536BD339711 /* libPods.a in Frameworks */,
			);
			runOnlyForDeploymentPostprocessing = 0;
		};
/* End PBXFrameworksBuildPhase section */

/* Begin PBXGroup section */
		557A00AD17316827009460FA = {
			isa = PBXGroup;
			children = (
				557A00DA173174BB009460FA /* Models */,
				557A00D6173172D8009460FA /* ViewControllers */,
				557A00BF17316827009460FA /* MongoHq */,
				5539AE02174C122500184973 /* fixtures */,
				557A00DE17318FD8009460FA /* Support */,
				557A00B817316827009460FA /* Frameworks */,
				557A00B717316827009460FA /* Products */,
				C20140148062447B90425F7C /* Pods.xcconfig */,
			);
			sourceTree = "<group>";
		};
		557A00B717316827009460FA /* Products */ = {
			isa = PBXGroup;
			children = (
				557A00B617316827009460FA /* MongoHq.app */,
			);
			name = Products;
			sourceTree = "<group>";
		};
		557A00B817316827009460FA /* Frameworks */ = {
			isa = PBXGroup;
			children = (
				557A00B917316827009460FA /* UIKit.framework */,
				557A00BB17316827009460FA /* Foundation.framework */,
				557A00BD17316827009460FA /* CoreGraphics.framework */,
				B620F6ABEDC24F6F8CB923A5 /* libPods.a */,
			);
			name = Frameworks;
			sourceTree = "<group>";
		};
		557A00BF17316827009460FA /* MongoHq */ = {
			isa = PBXGroup;
			children = (
				557A00C817316827009460FA /* AppDelegate.h */,
				557A00C917316827009460FA /* AppDelegate.m */,
				557A00C017316827009460FA /* Supporting Files */,
				557150971732A21B007A752B /* AppController.h */,
				557150981732A21B007A752B /* AppController.m */,
				559C5ACC174D64EA000ED2F2 /* MongoHqHTTPClient.h */,
				559C5ACD174D64EA000ED2F2 /* MongoHqHTTPClient.m */,
			);
			path = MongoHq;
			sourceTree = "<group>";
		};
		557A00C017316827009460FA /* Supporting Files */ = {
			isa = PBXGroup;
			children = (
				557A00C117316827009460FA /* MongoHq-Info.plist */,
				557A00C217316827009460FA /* InfoPlist.strings */,
				557A00C517316827009460FA /* main.m */,
				557A00C717316827009460FA /* MongoHq-Prefix.pch */,
				557A00CB17316827009460FA /* Default.png */,
				557A00CD17316827009460FA /* Default@2x.png */,
				557A00CF17316827009460FA /* Default-568h@2x.png */,
			);
			name = "Supporting Files";
			sourceTree = "<group>";
		};
		557A00D6173172D8009460FA /* ViewControllers */ = {
			isa = PBXGroup;
			children = (
				5524F28D174D83B300E1AA11 /* GenericTableViewController.h */,
				5524F28E174D83B300E1AA11 /* GenericTableViewController.m */,
				557A00D71731730E009460FA /* StatusViewController.h */,
				557A00D81731730E009460FA /* StatusViewController.m */,
				55375756174BF7E2002791BE /* DetailStatusViewController.h */,
				55375757174BF7E2002791BE /* DetailStatusViewController.m */,
				559C5ACF174D68BA000ED2F2 /* DatabasesViewController.h */,
				559C5AD0174D68BA000ED2F2 /* DatabasesViewController.m */,
				5524F29F174E8BA200E1AA11 /* CollectionsViewController.h */,
				5524F2A0174E8BA200E1AA11 /* CollectionsViewController.m */,
				5524F299174E884700E1AA11 /* PlansViewController.h */,
				5524F29A174E884700E1AA11 /* PlansViewController.m */,
			);
			name = ViewControllers;
			sourceTree = "<group>";
		};
		557A00DA173174BB009460FA /* Models */ = {
			isa = PBXGroup;
			children = (
				557A00DB173174E5009460FA /* StatusItem.h */,
				557A00DC173174E5009460FA /* StatusItem.m */,
				5524F287174D755800E1AA11 /* MDatabase.h */,
				5524F288174D755800E1AA11 /* MDatabase.m */,
				5524F29C174E8B5D00E1AA11 /* MCollection.h */,
				5524F29D174E8B5E00E1AA11 /* MCollection.m */,
				5524F296174E863700E1AA11 /* MPlan.h */,
				5524F297174E863700E1AA11 /* MPlan.m */,
			);
			name = Models;
			sourceTree = "<group>";
		};
		557A00DE17318FD8009460FA /* Support */ = {
			isa = PBXGroup;
			children = (
				557A00DF17318FD8009460FA /* UIImage+FontIcon.h */,
				557A00E017318FD8009460FA /* UIImage+FontIcon.m */,
			);
			path = Support;
			sourceTree = "<group>";
		};
/* End PBXGroup section */

/* Begin PBXNativeTarget section */
		557A00B517316827009460FA /* MongoHq */ = {
			isa = PBXNativeTarget;
			buildConfigurationList = 557A00D317316827009460FA /* Build configuration list for PBXNativeTarget "MongoHq" */;
			buildPhases = (
				671064F95C0F4EFB8F409623 /* Check Pods Manifest.lock */,
				557A00B217316827009460FA /* Sources */,
				557A00B317316827009460FA /* Frameworks */,
				557A00B417316827009460FA /* Resources */,
				85EF658FD5CD411B9DE1991B /* Copy Pods Resources */,
			);
			buildRules = (
			);
			dependencies = (
			);
			name = MongoHq;
			productName = MongoHq;
			productReference = 557A00B617316827009460FA /* MongoHq.app */;
			productType = "com.apple.product-type.application";
		};
/* End PBXNativeTarget section */

/* Begin PBXProject section */
		557A00AE17316827009460FA /* Project object */ = {
			isa = PBXProject;
			attributes = {
				LastUpgradeCheck = 0460;
				ORGANIZATIONNAME = Kalapun;
			};
			buildConfigurationList = 557A00B117316827009460FA /* Build configuration list for PBXProject "MongoHq" */;
			compatibilityVersion = "Xcode 3.2";
			developmentRegion = English;
			hasScannedForEncodings = 0;
			knownRegions = (
				en,
			);
			mainGroup = 557A00AD17316827009460FA;
			productRefGroup = 557A00B717316827009460FA /* Products */;
			projectDirPath = "";
			projectRoot = "";
			targets = (
				557A00B517316827009460FA /* MongoHq */,
			);
		};
/* End PBXProject section */

/* Begin PBXResourcesBuildPhase section */
		557A00B417316827009460FA /* Resources */ = {
			isa = PBXResourcesBuildPhase;
			buildActionMask = 2147483647;
			files = (
				557A00C417316827009460FA /* InfoPlist.strings in Resources */,
				557A00CC17316827009460FA /* Default.png in Resources */,
				557A00CE17316827009460FA /* Default@2x.png in Resources */,
				557A00D017316827009460FA /* Default-568h@2x.png in Resources */,
				5539AE03174C122500184973 /* fixtures in Resources */,
			);
			runOnlyForDeploymentPostprocessing = 0;
		};
/* End PBXResourcesBuildPhase section */

/* Begin PBXShellScriptBuildPhase section */
		671064F95C0F4EFB8F409623 /* Check Pods Manifest.lock */ = {
			isa = PBXShellScriptBuildPhase;
			buildActionMask = 2147483647;
			files = (
			);
			inputPaths = (
			);
			name = "Check Pods Manifest.lock";
			outputPaths = (
			);
			runOnlyForDeploymentPostprocessing = 0;
			shellPath = /bin/sh;
			shellScript = "diff \"${PODS_ROOT}/../Podfile.lock\" \"${PODS_ROOT}/Manifest.lock\" > /dev/null\nif [[ $? != 0 ]] ; then\n    cat << EOM\nerror: The sandbox is not in sync with the Podfile.lock. Run 'pod install' or update your CocoaPods installation.\nEOM\n    exit 1\nfi\n";
		};
		85EF658FD5CD411B9DE1991B /* Copy Pods Resources */ = {
			isa = PBXShellScriptBuildPhase;
			buildActionMask = 2147483647;
			files = (
			);
			inputPaths = (
			);
			name = "Copy Pods Resources";
			outputPaths = (
			);
			runOnlyForDeploymentPostprocessing = 0;
			shellPath = /bin/sh;
			shellScript = "\"${SRCROOT}/Pods/Pods-resources.sh\"\n";
		};
/* End PBXShellScriptBuildPhase section */

/* Begin PBXSourcesBuildPhase section */
		557A00B217316827009460FA /* Sources */ = {
			isa = PBXSourcesBuildPhase;
			buildActionMask = 2147483647;
			files = (
				557A00C617316827009460FA /* main.m in Sources */,
				557A00CA17316827009460FA /* AppDelegate.m in Sources */,
				557A00D91731730E009460FA /* StatusViewController.m in Sources */,
				557A00DD173174E5009460FA /* StatusItem.m in Sources */,
				557A00E117318FD8009460FA /* UIImage+FontIcon.m in Sources */,
				557150991732A21B007A752B /* AppController.m in Sources */,
				55375758174BF7E2002791BE /* DetailStatusViewController.m in Sources */,
				559C5ACE174D64EA000ED2F2 /* MongoHqHTTPClient.m in Sources */,
				559C5AD1174D68BA000ED2F2 /* DatabasesViewController.m in Sources */,
				5524F289174D755800E1AA11 /* MDatabase.m in Sources */,
				5524F28F174D83B300E1AA11 /* GenericTableViewController.m in Sources */,
				5524F298174E863700E1AA11 /* MPlan.m in Sources */,
				5524F29B174E884700E1AA11 /* PlansViewController.m in Sources */,
				5524F29E174E8B5E00E1AA11 /* MCollection.m in Sources */,
				5524F2A1174E8BA200E1AA11 /* CollectionsViewController.m in Sources */,
			);
			runOnlyForDeploymentPostprocessing = 0;
		};
/* End PBXSourcesBuildPhase section */

/* Begin PBXVariantGroup section */
		557A00C217316827009460FA /* InfoPlist.strings */ = {
			isa = PBXVariantGroup;
			children = (
				557A00C317316827009460FA /* en */,
			);
			name = InfoPlist.strings;
			sourceTree = "<group>";
		};
/* End PBXVariantGroup section */

/* Begin XCBuildConfiguration section */
		557A00D117316827009460FA /* Debug */ = {
			isa = XCBuildConfiguration;
			buildSettings = {
				ALWAYS_SEARCH_USER_PATHS = NO;
				CLANG_CXX_LANGUAGE_STANDARD = "gnu++0x";
				CLANG_CXX_LIBRARY = "libc++";
				CLANG_ENABLE_OBJC_ARC = YES;
				CLANG_WARN_CONSTANT_CONVERSION = YES;
				CLANG_WARN_EMPTY_BODY = YES;
				CLANG_WARN_ENUM_CONVERSION = YES;
				CLANG_WARN_INT_CONVERSION = YES;
				CLANG_WARN__DUPLICATE_METHOD_MATCH = YES;
				"CODE_SIGN_IDENTITY[sdk=iphoneos*]" = "iPhone Developer";
				COPY_PHASE_STRIP = NO;
				GCC_C_LANGUAGE_STANDARD = gnu99;
				GCC_DYNAMIC_NO_PIC = NO;
				GCC_OPTIMIZATION_LEVEL = 0;
				GCC_PREPROCESSOR_DEFINITIONS = (
					"DEBUG=1",
					"$(inherited)",
				);
				GCC_SYMBOLS_PRIVATE_EXTERN = NO;
				GCC_WARN_ABOUT_RETURN_TYPE = YES;
				GCC_WARN_UNINITIALIZED_AUTOS = YES;
				GCC_WARN_UNUSED_VARIABLE = YES;
				IPHONEOS_DEPLOYMENT_TARGET = 6.1;
				ONLY_ACTIVE_ARCH = YES;
				SDKROOT = iphoneos;
			};
			name = Debug;
		};
		557A00D217316827009460FA /* Release */ = {
			isa = XCBuildConfiguration;
			buildSettings = {
				ALWAYS_SEARCH_USER_PATHS = NO;
				CLANG_CXX_LANGUAGE_STANDARD = "gnu++0x";
				CLANG_CXX_LIBRARY = "libc++";
				CLANG_ENABLE_OBJC_ARC = YES;
				CLANG_WARN_CONSTANT_CONVERSION = YES;
				CLANG_WARN_EMPTY_BODY = YES;
				CLANG_WARN_ENUM_CONVERSION = YES;
				CLANG_WARN_INT_CONVERSION = YES;
				CLANG_WARN__DUPLICATE_METHOD_MATCH = YES;
				"CODE_SIGN_IDENTITY[sdk=iphoneos*]" = "iPhone Developer";
				COPY_PHASE_STRIP = YES;
				GCC_C_LANGUAGE_STANDARD = gnu99;
				GCC_WARN_ABOUT_RETURN_TYPE = YES;
				GCC_WARN_UNINITIALIZED_AUTOS = YES;
				GCC_WARN_UNUSED_VARIABLE = YES;
				IPHONEOS_DEPLOYMENT_TARGET = 6.1;
				OTHER_CFLAGS = "-DNS_BLOCK_ASSERTIONS=1";
				SDKROOT = iphoneos;
				VALIDATE_PRODUCT = YES;
			};
			name = Release;
		};
		557A00D417316827009460FA /* Debug */ = {
			isa = XCBuildConfiguration;
			baseConfigurationReference = C20140148062447B90425F7C /* Pods.xcconfig */;
			buildSettings = {
				GCC_PRECOMPILE_PREFIX_HEADER = YES;
				GCC_PREFIX_HEADER = "MongoHq/MongoHq-Prefix.pch";
				INFOPLIST_FILE = "MongoHq/MongoHq-Info.plist";
				IPHONEOS_DEPLOYMENT_TARGET = 5.1;
				PRODUCT_NAME = "$(TARGET_NAME)";
				WRAPPER_EXTENSION = app;
			};
			name = Debug;
		};
		557A00D517316827009460FA /* Release */ = {
			isa = XCBuildConfiguration;
			baseConfigurationReference = C20140148062447B90425F7C /* Pods.xcconfig */;
			buildSettings = {
				GCC_PRECOMPILE_PREFIX_HEADER = YES;
				GCC_PREFIX_HEADER = "MongoHq/MongoHq-Prefix.pch";
				INFOPLIST_FILE = "MongoHq/MongoHq-Info.plist";
				IPHONEOS_DEPLOYMENT_TARGET = 5.1;
				PRODUCT_NAME = "$(TARGET_NAME)";
				WRAPPER_EXTENSION = app;
			};
			name = Release;
		};
/* End XCBuildConfiguration section */

/* Begin XCConfigurationList section */
		557A00B117316827009460FA /* Build configuration list for PBXProject "MongoHq" */ = {
			isa = XCConfigurationList;
			buildConfigurations = (
				557A00D117316827009460FA /* Debug */,
				557A00D217316827009460FA /* Release */,
			);
			defaultConfigurationIsVisible = 0;
			defaultConfigurationName = Release;
		};
		557A00D317316827009460FA /* Build configuration list for PBXNativeTarget "MongoHq" */ = {
			isa = XCConfigurationList;
			buildConfigurations = (
				557A00D417316827009460FA /* Debug */,
				557A00D517316827009460FA /* Release */,
			);
			defaultConfigurationIsVisible = 0;
			defaultConfigurationName = Release;
		};
/* End XCConfigurationList section */
	};
	rootObject = 557A00AE17316827009460FA /* Project object */;
}
